
Microsoft Visual Studio Solution File, Format Version 12.00
# Visual Studio Version 16
VisualStudioVersion = 16.0.30309.148
MinimumVisualStudioVersion = 10.0.40219.1
Project("{FAE04EC0-301F-11D3-BF4B-00C04F79EFBC}") = "Repository test", "Repository test\Repository test.csproj", "{8544C284-8911-4C28-8B47-F850A4BF2456}"
EndProject
Global
	GlobalSection(SolutionConfigurationPlatforms) = preSolution
		Debug|Any CPU = Debug|Any CPU
		Release|Any CPU = Release|Any CPU
	EndGlobalSection
	GlobalSection(ProjectConfigurationPlatforms) = postSolution
		{8544C284-8911-4C28-8B47-F850A4BF2456}.Debug|Any CPU.ActiveCfg = Debug|Any CPU
		{8544C284-8911-4C28-8B47-F850A4BF2456}.Debug|Any CPU.Build.0 = Debug|Any CPU
		{8544C284-8911-4C28-8B47-F850A4BF2456}.Release|Any CPU.ActiveCfg = Release|Any CPU
		{8544C284-8911-4C28-8B47-F850A4BF2456}.Release|Any CPU.Build.0 = Release|Any CPU
	EndGlobalSection
	GlobalSection(SolutionProperties) = preSolution
		HideSolutionNode = FALSE
	EndGlobalSection
	GlobalSection(ExtensibilityGlobals) = postSolution
		SolutionGuid = {D26E8172-993E-48E5-B82C-2FF2D28FCB80}
	EndGlobalSection
EndGlobal
